{
  "nodes": {
    "mlir": {
      "inputs": {
        "nixpkgs": [
          "nixpkgs"
        ]
      },
      "locked": {
        "lastModified": 1682588420,
        "narHash": "sha256-bIRJA9Kw4TI87FHUVfw0UuSw/swTQ4EaARL1JuKtWoA=",
        "owner": "Feliix42",
        "repo": "mlir.nix",
        "rev": "021cea4dce3f55a5b86c523c9389b888610e6825",
        "type": "github"
      },
      "original": {
        "owner": "Feliix42",
        "ref": "main",
        "repo": "mlir.nix",
        "type": "github"
      }
    },
    "nixpkgs": {
      "locked": {
        "lastModified": 1682817260,
        "narHash": "sha256-kFMXzKNj4d/0Iqbm5l57rHSLyUeyCLMuvlROZIuuhvk=",
        "owner": "NixOS",
        "repo": "nixpkgs",
        "rev": "db1e4eeb0f9a9028bcb920e00abbc1409dd3ef36",
        "type": "github"
      },
      "original": {
        "id": "nixpkgs",
        "ref": "nixos-22.11",
        "type": "indirect"
      }
    },
    "root": {
      "inputs": {
        "mlir": "mlir",
        "nixpkgs": "nixpkgs"
      }
    }
  },
  "root": "root",
  "version": 7
}
