{
  "nodes": {
    "mlir": {
      "inputs": {
        "nixpkgs": [
          "nixpkgs"
        ]
      },
      "locked": {
        "lastModified": 1787089116,
        "narHash": "sha256-q+Ru1U7MxZXmHFeYekNu9E7GI8l8mltUiBvLCefIG7Y=",
        "owner": "Feliix42",
        "repo": "mlir.nix",
        "rev": "750fcb71316005a6a281145635d996aee0b9adde",
        "type": "github"
      },
      "original": {
        "owner": "Feliix42",
        "ref": "main",
        "repo": "mlir.nix",
        "type": "github"
      }
    },
    "nixpkgs": {
      "locked": {
        "lastModified": 1786247143,
        "narHash": "sha256-8S3Kcxs7D4UtxJxSJZz0m14CGhuW0MxfrIwJxeGWGnQ=",
        "owner": "NixOS",
        "repo": "nixpkgs",
        "rev": "279b4a8275f032c566576b3f181fa0f27197f588",
        "type": "github"
      },
      "original": {
        "owner": "NixOS",
        "ref": "nixos-unstable",
        "repo": "nixpkgs",
        "type": "github"
      }
    },
    "root": {
      "inputs": {
        "mlir": "mlir",
        "nixpkgs": "nixpkgs"
      }
    }
  },
  "root": "root",
  "version": 7
}
