{
  "nodes": {
    "mlir": {
      "inputs": {
        "nixpkgs": [
          "nixpkgs"
        ]
      },
      "locked": {
        "lastModified": 1748862994,
        "narHash": "sha256-mjKgTHlhICSKsB7jlgU6lBUjsns/JuRb/9fpy1QOQcU=",
        "owner": "Feliix42",
        "repo": "mlir.nix",
        "rev": "11e688e9648a54fc04c84066f8d272b06869f696",
        "type": "github"
      },
      "original": {
        "owner": "Feliix42",
        "ref": "main",
        "repo": "mlir.nix",
        "type": "github"
      }
    },
    "nixpkgs": {
      "locked": {
        "lastModified": 1762844143,
        "narHash": "sha256-SlybxLZ1/e4T2lb1czEtWVzDCVSTvk9WLwGhmxFmBxI=",
        "owner": "NixOS",
        "repo": "nixpkgs",
        "rev": "9da7f1cf7f8a6e2a7cb3001b048546c92a8258b4",
        "type": "github"
      },
      "original": {
        "id": "nixpkgs",
        "ref": "nixos-unstable",
        "type": "indirect"
      }
    },
    "root": {
      "inputs": {
        "mlir": "mlir",
        "nixpkgs": "nixpkgs"
      }
    }
  },
  "root": "root",
  "version": 7
}
